#MicroXplorer Configuration settings - do not modify
CAD.formats=
CAD.pinconfig=
CAD.provider=
CORTEX_M7.AccessPermission_Spec=MPU_REGION_FULL_ACCESS
CORTEX_M7.BaseAddress_Spec=0x30000000
CORTEX_M7.CPU_DCache=Enabled
CORTEX_M7.CPU_ICache=Enabled
CORTEX_M7.DisableExec_Spec=MPU_INSTRUCTION_ACCESS_ENABLE
CORTEX_M7.IPParameters=default_mode_Activation,CPU_DCache,BaseAddress_Spec,Size_Spec,SubRegionDisable_Spec,AccessPermission_Spec,DisableExec_Spec,IsBufferable_Spec,CPU_ICache
CORTEX_M7.IsBufferable_Spec=MPU_ACCESS_BUFFERABLE
CORTEX_M7.Size_Spec=MPU_REGION_SIZE_512B
CORTEX_M7.SubRegionDisable_Spec=0x0
CORTEX_M7.default_mode_Activation=1
Dma.Request0=SAI1_A
Dma.Request1=SAI1_B
Dma.RequestsNb=2
Dma.SAI1_A.0.Direction=DMA_PERIPH_TO_MEMORY
Dma.SAI1_A.0.EventEnable=DISABLE
Dma.SAI1_A.0.FIFOMode=DMA_FIFOMODE_DISABLE
Dma.SAI1_A.0.Instance=DMA1_Stream0
Dma.SAI1_A.0.MemDataAlignment=DMA_MDATAALIGN_WORD
Dma.SAI1_A.0.MemInc=DMA_MINC_ENABLE
Dma.SAI1_A.0.Mode=DMA_CIRCULAR
Dma.SAI1_A.0.PeriphDataAlignment=DMA_PDATAALIGN_WORD
Dma.SAI1_A.0.PeriphInc=DMA_PINC_DISABLE
Dma.SAI1_A.0.Polarity=HAL_DMAMUX_REQ_GEN_RISING
Dma.SAI1_A.0.Priority=DMA_PRIORITY_VERY_HIGH
Dma.SAI1_A.0.RequestNumber=1
Dma.SAI1_A.0.RequestParameters=Instance,Direction,PeriphInc,MemInc,PeriphDataAlignment,MemDataAlignment,Mode,Priority,FIFOMode,SignalID,Polarity,RequestNumber,SyncSignalID,SyncPolarity,SyncEnable,EventEnable,SyncRequestNumber
Dma.SAI1_A.0.SignalID=NONE
Dma.SAI1_A.0.SyncEnable=DISABLE
Dma.SAI1_A.0.SyncPolarity=HAL_DMAMUX_SYNC_NO_EVENT
Dma.SAI1_A.0.SyncRequestNumber=1
Dma.SAI1_A.0.SyncSignalID=NONE
Dma.SAI1_B.1.Direction=DMA_MEMORY_TO_PERIPH
Dma.SAI1_B.1.EventEnable=DISABLE
Dma.SAI1_B.1.FIFOMode=DMA_FIFOMODE_DISABLE
Dma.SAI1_B.1.Instance=DMA1_Stream1
Dma.SAI1_B.1.MemDataAlignment=DMA_MDATAALIGN_WORD
Dma.SAI1_B.1.MemInc=DMA_MINC_ENABLE
Dma.SAI1_B.1.Mode=DMA_CIRCULAR
Dma.SAI1_B.1.PeriphDataAlignment=DMA_PDATAALIGN_WORD
Dma.SAI1_B.1.PeriphInc=DMA_PINC_DISABLE
Dma.SAI1_B.1.Polarity=HAL_DMAMUX_REQ_GEN_RISING
Dma.SAI1_B.1.Priority=DMA_PRIORITY_VERY_HIGH
Dma.SAI1_B.1.RequestNumber=1
Dma.SAI1_B.1.RequestParameters=Instance,Direction,PeriphInc,MemInc,PeriphDataAlignment,MemDataAlignment,Mode,Priority,FIFOMode,SignalID,Polarity,RequestNumber,SyncSignalID,SyncPolarity,SyncEnable,EventEnable,SyncRequestNumber
Dma.SAI1_B.1.SignalID=NONE
Dma.SAI1_B.1.SyncEnable=DISABLE
Dma.SAI1_B.1.SyncPolarity=HAL_DMAMUX_SYNC_NO_EVENT
Dma.SAI1_B.1.SyncRequestNumber=1
Dma.SAI1_B.1.SyncSignalID=NONE
File.Version=6
GPIO.groupedBy=Group By Peripherals
I2C2.I2C_Speed_Mode=I2C_Fast
I2C2.IPParameters=I2C_Speed_Mode,Timing
I2C2.Timing=0x00D049FB
KeepUserPlacement=false
MMTAppRegionsCount=0
MMTConfigApplied=false
Mcu.CPN=STM32H723VGT6
Mcu.Family=STM32H7
Mcu.IP0=CORTEX_M7
Mcu.IP1=DEBUG
Mcu.IP10=TIM1
Mcu.IP11=USART3
Mcu.IP2=DMA
Mcu.IP3=I2C2
Mcu.IP4=MEMORYMAP
Mcu.IP5=NVIC
Mcu.IP6=RCC
Mcu.IP7=SAI1
Mcu.IP8=SPI2
Mcu.IP9=SYS
Mcu.IPNb=12
Mcu.Name=STM32H723VGTx
Mcu.Package=LQFP100
Mcu.Pin0=PE2
Mcu.Pin1=PE3
Mcu.Pin10=PE13
Mcu.Pin11=PE14
Mcu.Pin12=PB10
Mcu.Pin13=PB11
Mcu.Pin14=PB13
Mcu.Pin15=PB15
Mcu.Pin16=PD8
Mcu.Pin17=PD9
Mcu.Pin18=PD13
Mcu.Pin19=PD14
Mcu.Pin2=PE4
Mcu.Pin20=PD15
Mcu.Pin21=PC6
Mcu.Pin22=PC7
Mcu.Pin23=PC8
Mcu.Pin24=PC9
Mcu.Pin25=PA8
Mcu.Pin26=PA13(JTMS/SWDIO)
Mcu.Pin27=PA14(JTCK/SWCLK)
Mcu.Pin28=PA15(JTDI)
Mcu.Pin29=PC10
Mcu.Pin3=PE5
Mcu.Pin30=PC11
Mcu.Pin31=PC12
Mcu.Pin32=PD0
Mcu.Pin33=PD1
Mcu.Pin34=PD2
Mcu.Pin35=PD3
Mcu.Pin36=PD4
Mcu.Pin37=PD5
Mcu.Pin38=PD6
Mcu.Pin39=PD7
Mcu.Pin4=PE6
Mcu.Pin40=PB4(NJTRST)
Mcu.Pin41=PB5
Mcu.Pin42=PB6
Mcu.Pin43=PB7
Mcu.Pin44=PB8
Mcu.Pin45=PB9
Mcu.Pin46=PE1
Mcu.Pin47=VP_SAI1_VP_$IpInstance_SAIA_SAI_BASIC
Mcu.Pin48=VP_SAI1_VP_$IpInstance_SAIB_SAI_BASIC
Mcu.Pin49=VP_SYS_VS_Systick
Mcu.Pin5=PH0-OSC_IN
Mcu.Pin50=VP_MEMORYMAP_VS_MEMORYMAP
Mcu.Pin6=PH1-OSC_OUT
Mcu.Pin7=PE10
Mcu.Pin8=PE11
Mcu.Pin9=PE12
Mcu.PinsNb=51
Mcu.ThirdPartyNb=0
Mcu.UserConstants=
Mcu.UserName=STM32H723VGTx
MxCube.Version=6.13.0
MxDb.Version=DB.6.0.130
NVIC.BusFault_IRQn=true\:0\:0\:false\:false\:true\:false\:false\:false
NVIC.DMA1_Stream0_IRQn=true\:0\:0\:false\:false\:true\:false\:true\:true
NVIC.DMA1_Stream1_IRQn=true\:0\:0\:false\:false\:true\:false\:true\:true
NVIC.DebugMonitor_IRQn=true\:0\:0\:false\:false\:true\:false\:false\:false
NVIC.ForceEnableDMAVector=true
NVIC.HardFault_IRQn=true\:0\:0\:false\:false\:true\:false\:false\:false
NVIC.MemoryManagement_IRQn=true\:0\:0\:false\:false\:true\:false\:false\:false
NVIC.NonMaskableInt_IRQn=true\:0\:0\:false\:false\:true\:false\:false\:false
NVIC.PendSV_IRQn=true\:0\:0\:false\:false\:true\:false\:false\:false
NVIC.PriorityGroup=NVIC_PRIORITYGROUP_4
NVIC.SVCall_IRQn=true\:0\:0\:false\:false\:true\:false\:false\:false
NVIC.SysTick_IRQn=true\:15\:0\:false\:false\:true\:false\:true\:false
NVIC.USART3_IRQn=true\:5\:0\:true\:false\:true\:true\:true\:true
NVIC.UsageFault_IRQn=true\:0\:0\:false\:false\:true\:false\:false\:false
PA13(JTMS/SWDIO).Mode=Serial_Wire
PA13(JTMS/SWDIO).Signal=DEBUG_JTMS-SWDIO
PA14(JTCK/SWCLK).Mode=Serial_Wire
PA14(JTCK/SWCLK).Signal=DEBUG_JTCK-SWCLK
PA15(JTDI).GPIOParameters=GPIO_Label
PA15(JTDI).GPIO_Label=RE2B
PA15(JTDI).Locked=true
PA15(JTDI).Signal=GPIO_Input
PA8.GPIOParameters=GPIO_Label
PA8.GPIO_Label=RE2A
PA8.Locked=true
PA8.Signal=GPIO_Input
PB10.Mode=I2C
PB10.Signal=I2C2_SCL
PB11.Mode=I2C
PB11.Signal=I2C2_SDA
PB13.Locked=true
PB13.Mode=Simplex_Bidirectional_Master
PB13.Signal=SPI2_SCK
PB15.Locked=true
PB15.Mode=Simplex_Bidirectional_Master
PB15.Signal=SPI2_MOSI
PB4(NJTRST).GPIOParameters=GPIO_Label
PB4(NJTRST).GPIO_Label=LED_G
PB4(NJTRST).Locked=true
PB4(NJTRST).Signal=GPIO_Output
PB5.GPIOParameters=GPIO_Label
PB5.GPIO_Label=RE0A
PB5.Locked=true
PB5.Signal=GPIO_Input
PB6.GPIOParameters=GPIO_Label
PB6.GPIO_Label=LED_R
PB6.Locked=true
PB6.Signal=GPIO_Output
PB7.GPIOParameters=GPIO_Label
PB7.GPIO_Label=RE0B
PB7.Locked=true
PB7.Signal=GPIO_Input
PB8.GPIOParameters=GPIO_Label
PB8.GPIO_Label=M0
PB8.Locked=true
PB8.Signal=GPIO_Output
PB9.GPIOParameters=GPIO_Label
PB9.GPIO_Label=M1
PB9.Locked=true
PB9.Signal=GPIO_Output
PC10.GPIOParameters=GPIO_Label
PC10.GPIO_Label=SW5
PC10.Locked=true
PC10.Signal=GPIO_Input
PC11.GPIOParameters=GPIO_Label
PC11.GPIO_Label=SW4
PC11.Locked=true
PC11.Signal=GPIO_Input
PC12.GPIOParameters=GPIO_Label
PC12.GPIO_Label=LED_B
PC12.Locked=true
PC12.Signal=GPIO_Output
PC6.GPIOParameters=GPIO_Label
PC6.GPIO_Label=SW9
PC6.Locked=true
PC6.Signal=GPIO_Input
PC7.GPIOParameters=GPIO_Label
PC7.GPIO_Label=RE3B
PC7.Locked=true
PC7.Signal=GPIO_Input
PC8.GPIOParameters=GPIO_Label
PC8.GPIO_Label=SW3
PC8.Locked=true
PC8.Signal=GPIO_Input
PC9.GPIOParameters=GPIO_Label
PC9.GPIO_Label=RE3A
PC9.Locked=true
PC9.Signal=GPIO_Input
PD0.GPIOParameters=GPIO_Label
PD0.GPIO_Label=SW2
PD0.Locked=true
PD0.Signal=GPIO_Input
PD1.GPIOParameters=GPIO_Label
PD1.GPIO_Label=SW8
PD1.Locked=true
PD1.Signal=GPIO_Input
PD13.GPIOParameters=GPIO_Label
PD13.GPIO_Label=LCD_RS
PD13.Locked=true
PD13.Signal=GPIO_Output
PD14.GPIOParameters=GPIO_Label
PD14.GPIO_Label=LCD_RES
PD14.Locked=true
PD14.Signal=GPIO_Output
PD15.GPIOParameters=GPIO_Label
PD15.GPIO_Label=LCD_CS
PD15.Locked=true
PD15.Signal=GPIO_Output
PD2.GPIOParameters=GPIO_Label
PD2.GPIO_Label=SW1
PD2.Locked=true
PD2.Signal=GPIO_Input
PD3.GPIOParameters=GPIO_Label
PD3.GPIO_Label=RE1A
PD3.Locked=true
PD3.Signal=GPIO_Input
PD4.GPIOParameters=GPIO_Label
PD4.GPIO_Label=SW7
PD4.Locked=true
PD4.Signal=GPIO_Input
PD5.GPIOParameters=GPIO_Label
PD5.GPIO_Label=RE1B
PD5.Locked=true
PD5.Signal=GPIO_Input
PD6.GPIOParameters=GPIO_Label
PD6.GPIO_Label=SW6
PD6.Locked=true
PD6.Signal=GPIO_Input
PD7.GPIOParameters=GPIO_Label
PD7.GPIO_Label=SW0
PD7.Locked=true
PD7.Signal=GPIO_Input
PD8.Locked=true
PD8.Mode=Asynchronous
PD8.Signal=USART3_TX
PD9.Locked=true
PD9.Mode=Asynchronous
PD9.Signal=USART3_RX
PE1.GPIOParameters=GPIO_Label
PE1.GPIO_Label=CODEC_RST
PE1.Locked=true
PE1.Signal=GPIO_Output
PE10.GPIOParameters=GPIO_Label
PE10.GPIO_Label=HARDWARE_VERSION0
PE10.Locked=true
PE10.Signal=GPIO_Input
PE11.GPIOParameters=GPIO_Label
PE11.GPIO_Label=HARDWARE_VERSION1
PE11.Locked=true
PE11.Signal=GPIO_Input
PE12.GPIOParameters=GPIO_Label
PE12.GPIO_Label=HARDWARE_VERSION2
PE12.Locked=true
PE12.Signal=GPIO_Input
PE13.GPIOParameters=GPIO_Label
PE13.GPIO_Label=HARDWARE_VERSION3
PE13.Locked=true
PE13.Signal=GPIO_Input
PE14.Signal=S_TIM1_CH4
PE2.Mode=SAI_A_MasterWithClock
PE2.Signal=SAI1_MCLK_A
PE3.Mode=SAI_B_SyncSlave
PE3.Signal=SAI1_SD_B
PE4.Mode=SAI_A_MasterWithClock
PE4.Signal=SAI1_FS_A
PE5.Mode=SAI_A_MasterWithClock
PE5.Signal=SAI1_SCK_A
PE6.Mode=SAI_A_MasterWithClock
PE6.Signal=SAI1_SD_A
PH0-OSC_IN.Mode=HSE-External-Oscillator
PH0-OSC_IN.Signal=RCC_OSC_IN
PH1-OSC_OUT.Mode=HSE-External-Oscillator
PH1-OSC_OUT.Signal=RCC_OSC_OUT
PinOutPanel.RotationAngle=0
ProjectManager.AskForMigrate=true
ProjectManager.BackupPrevious=false
ProjectManager.CompilerLinker=GCC
ProjectManager.CompilerOptimize=6
ProjectManager.ComputerToolchain=false
ProjectManager.CoupleFile=false
ProjectManager.CustomerFirmwarePackage=
ProjectManager.DefaultFWLocation=true
ProjectManager.DeletePrevious=true
ProjectManager.DeviceId=STM32H723VGTx
ProjectManager.FirmwarePackage=STM32Cube FW_H7 V1.12.1
ProjectManager.FreePins=false
ProjectManager.HalAssertFull=false
ProjectManager.HeapSize=0x200
ProjectManager.KeepUserCode=true
ProjectManager.LastFirmware=true
ProjectManager.LibraryCopy=1
ProjectManager.MainLocation=Core/Src
ProjectManager.NoMain=false
ProjectManager.PreviousToolchain=
ProjectManager.ProjectBuild=false
ProjectManager.ProjectFileName=Chlorine_example.ioc
ProjectManager.ProjectName=Chlorine_example
ProjectManager.ProjectStructure=
ProjectManager.RegisterCallBack=
ProjectManager.StackSize=0x400
ProjectManager.TargetToolchain=STM32CubeIDE
ProjectManager.ToolChainLocation=
ProjectManager.UAScriptAfterPath=
ProjectManager.UAScriptBeforePath=
ProjectManager.UnderRoot=true
ProjectManager.functionlistsort=1-SystemClock_Config-RCC-false-HAL-false,2-MX_GPIO_Init-GPIO-false-HAL-true,3-MX_DMA_Init-DMA-false-HAL-true,4-MX_SPI2_Init-SPI2-false-HAL-true,5-MX_SAI1_Init-SAI1-false-HAL-true,6-MX_TIM1_Init-TIM1-false-HAL-true,7-MX_USART3_UART_Init-USART3-false-HAL-true,8-MX_I2C2_Init-I2C2-false-HAL-true,0-MX_CORTEX_M7_Init-CORTEX_M7-false-HAL-true
RCC.ADCFreq_Value=98333333.33333333
RCC.AHB12Freq_Value=275000000
RCC.AHB4Freq_Value=275000000
RCC.APB1Freq_Value=137500000
RCC.APB2Freq_Value=137500000
RCC.APB3Freq_Value=137500000
RCC.APB4Freq_Value=137500000
RCC.AXIClockFreq_Value=275000000
RCC.CECFreq_Value=32000
RCC.CKPERFreq_Value=64000000
RCC.CortexFreq_Value=550000000
RCC.CpuClockFreq_Value=550000000
RCC.D1CPREFreq_Value=550000000
RCC.D1PPRE=RCC_APB3_DIV2
RCC.D2PPRE1=RCC_APB1_DIV2
RCC.D2PPRE2=RCC_APB2_DIV2
RCC.D3PPRE=RCC_APB4_DIV2
RCC.DFSDMACLkFreq_Value=98333333.33333333
RCC.DFSDMFreq_Value=137500000
RCC.DIVM1=4
RCC.DIVM2=8
RCC.DIVM3=8
RCC.DIVN1=275
RCC.DIVN2=295
RCC.DIVN3=192
RCC.DIVP1=1
RCC.DIVP1Freq_Value=550000000
RCC.DIVP2=3
RCC.DIVP2Freq_Value=98333333.33333333
RCC.DIVP3=4
RCC.DIVP3Freq_Value=48000000
RCC.DIVQ1=5
RCC.DIVQ1Freq_Value=110000000
RCC.DIVQ2Freq_Value=147500000
RCC.DIVQ3Freq_Value=96000000
RCC.DIVR1=5
RCC.DIVR1Freq_Value=110000000
RCC.DIVR2Freq_Value=147500000
RCC.DIVR3Freq_Value=96000000
RCC.FDCANFreq_Value=110000000
RCC.FMCFreq_Value=275000000
RCC.FamilyName=M
RCC.HCLK3ClockFreq_Value=275000000
RCC.HCLKFreq_Value=275000000
RCC.HPRE=RCC_HCLK_DIV2
RCC.HSE_VALUE=8000000
RCC.I2C123Freq_Value=137500000
RCC.I2C4Freq_Value=137500000
RCC.IPParameters=ADCFreq_Value,AHB12Freq_Value,AHB4Freq_Value,APB1Freq_Value,APB2Freq_Value,APB3Freq_Value,APB4Freq_Value,AXIClockFreq_Value,CECFreq_Value,CKPERFreq_Value,CortexFreq_Value,CpuClockFreq_Value,D1CPREFreq_Value,D1PPRE,D2PPRE1,D2PPRE2,D3PPRE,DFSDMACLkFreq_Value,DFSDMFreq_Value,DIVM1,DIVM2,DIVM3,DIVN1,DIVN2,DIVN3,DIVP1,DIVP1Freq_Value,DIVP2,DIVP2Freq_Value,DIVP3,DIVP3Freq_Value,DIVQ1,DIVQ1Freq_Value,DIVQ2Freq_Value,DIVQ3Freq_Value,DIVR1,DIVR1Freq_Value,DIVR2Freq_Value,DIVR3Freq_Value,FDCANFreq_Value,FMCFreq_Value,FamilyName,HCLK3ClockFreq_Value,HCLKFreq_Value,HPRE,HSE_VALUE,I2C123Freq_Value,I2C4Freq_Value,LPTIM1Freq_Value,LPTIM2Freq_Value,LPTIM345Freq_Value,LPUART1Freq_Value,LTDCFreq_Value,MCO1PinFreq_Value,MCO2PinFreq_Value,PLLSourceVirtual,PWR_Regulator_Voltage_Scale,QSPIFreq_Value,RNGFreq_Value,RTCFreq_Value,SAI1CLockSelection,SAI1Freq_Value,SAI4AFreq_Value,SAI4BFreq_Value,SDMMCFreq_Value,SPDIFRXFreq_Value,SPI123Freq_Value,SPI45Freq_Value,SPI6Freq_Value,SWPMI1Freq_Value,SYSCLKFreq_VALUE,SYSCLKSource,Tim1OutputFreq_Value,Tim2OutputFreq_Value,TraceFreq_Value,USART16Freq_Value,USART234578Freq_Value,USBFreq_Value,VCO1OutputFreq_Value,VCO2OutputFreq_Value,VCO3OutputFreq_Value,VCOInput1Freq_Value,VCOInput2Freq_Value,VCOInput3Freq_Value
RCC.LPTIM1Freq_Value=137500000
RCC.LPTIM2Freq_Value=137500000
RCC.LPTIM345Freq_Value=137500000
RCC.LPUART1Freq_Value=137500000
RCC.LTDCFreq_Value=96000000
RCC.MCO1PinFreq_Value=64000000
RCC.MCO2PinFreq_Value=550000000
RCC.PLLSourceVirtual=RCC_PLLSOURCE_HSE
RCC.PWR_Regulator_Voltage_Scale=PWR_REGULATOR_VOLTAGE_SCALE0
RCC.QSPIFreq_Value=275000000
RCC.RNGFreq_Value=48000000
RCC.RTCFreq_Value=32000
RCC.SAI1CLockSelection=RCC_SAI1CLKSOURCE_PLL2
RCC.SAI1Freq_Value=98333333.33333333
RCC.SAI4AFreq_Value=110000000
RCC.SAI4BFreq_Value=110000000
RCC.SDMMCFreq_Value=110000000
RCC.SPDIFRXFreq_Value=110000000
RCC.SPI123Freq_Value=110000000
RCC.SPI45Freq_Value=137500000
RCC.SPI6Freq_Value=137500000
RCC.SWPMI1Freq_Value=137500000
RCC.SYSCLKFreq_VALUE=550000000
RCC.SYSCLKSource=RCC_SYSCLKSOURCE_PLLCLK
RCC.Tim1OutputFreq_Value=275000000
RCC.Tim2OutputFreq_Value=275000000
RCC.TraceFreq_Value=110000000
RCC.USART16Freq_Value=137500000
RCC.USART234578Freq_Value=137500000
RCC.USBFreq_Value=110000000
RCC.VCO1OutputFreq_Value=550000000
RCC.VCO2OutputFreq_Value=295000000
RCC.VCO3OutputFreq_Value=192000000
RCC.VCOInput1Freq_Value=2000000
RCC.VCOInput2Freq_Value=1000000
RCC.VCOInput3Freq_Value=1000000
SAI1.AudioFrequency-SAI_A_MasterWithClock=SAI_AUDIO_FREQUENCY_48K
SAI1.AudioMode-SAI_A_MasterWithClock=SAI_MODEMASTER_RX
SAI1.AudioMode-SAI_B_SyncSlave=SAI_MODESLAVE_TX
SAI1.BasicDataSize-SAI_A_MasterWithClock=SAI_PROTOCOL_DATASIZE_32BIT
SAI1.BasicDataSize-SAI_B_SyncSlave=SAI_PROTOCOL_DATASIZE_32BIT
SAI1.ErrorAudioFreq-SAI_A_MasterWithClock=0.02 %
SAI1.FIFOThreshold-SAI_A_MasterWithClock=SAI_FIFOTHRESHOLD_HF
SAI1.FIFOThreshold-SAI_B_SyncSlave=SAI_FIFOTHRESHOLD_HF
SAI1.IPParameters=Instance-SAI_A_MasterWithClock,VirtualMode-SAI_A_MasterWithClock,MckOutput,RealAudioFreq-SAI_A_MasterWithClock,ErrorAudioFreq-SAI_A_MasterWithClock,InitProtocol-SAI_A_MasterWithClock,VirtualProtocol-SAI_A_BASIC,Instance-SAI_B_SyncSlave,VirtualMode-SAI_B_SyncSlave,InitProtocol-SAI_B_SyncSlave,VirtualProtocol-SAI_B_BASIC,AudioMode-SAI_A_MasterWithClock,BasicDataSize-SAI_A_MasterWithClock,AudioFrequency-SAI_A_MasterWithClock,FIFOThreshold-SAI_A_MasterWithClock,AudioMode-SAI_B_SyncSlave,BasicDataSize-SAI_B_SyncSlave,FIFOThreshold-SAI_B_SyncSlave
SAI1.InitProtocol-SAI_A_MasterWithClock=Enable
SAI1.InitProtocol-SAI_B_SyncSlave=Enable
SAI1.Instance-SAI_A_MasterWithClock=SAI$Index_Block_A
SAI1.Instance-SAI_B_SyncSlave=SAI$Index_Block_B
SAI1.MckOutput=SAI_MCK_OUTPUT_ENABLE
SAI1.RealAudioFreq-SAI_A_MasterWithClock=48.014 KHz
SAI1.VirtualMode-SAI_A_MasterWithClock=VM_MASTER
SAI1.VirtualMode-SAI_B_SyncSlave=VM_SLAVE
SAI1.VirtualProtocol-SAI_A_BASIC=VM_BASIC_PROTOCOL
SAI1.VirtualProtocol-SAI_B_BASIC=VM_BASIC_PROTOCOL
SH.S_TIM1_CH4.0=TIM1_CH4,PWM Generation4 CH4
SH.S_TIM1_CH4.ConfNb=1
SPI2.BaudRatePrescaler=SPI_BAUDRATEPRESCALER_32
SPI2.CalculateBaudRate=3.4375 MBits/s
SPI2.DataSize=SPI_DATASIZE_8BIT
SPI2.Direction=SPI_DIRECTION_1LINE
SPI2.IPParameters=VirtualType,Mode,Direction,CalculateBaudRate,DataSize,BaudRatePrescaler
SPI2.Mode=SPI_MODE_MASTER
SPI2.VirtualType=VM_MASTER
TIM1.Channel-PWM\ Generation4\ CH4=TIM_CHANNEL_4
TIM1.IPParameters=Channel-PWM Generation4 CH4,Prescaler,Period
TIM1.Period=1023
TIM1.Prescaler=0
USART3.BaudRate=31250
USART3.IPParameters=VirtualMode-Asynchronous,BaudRate,Mode
USART3.Mode=MODE_TX_RX
USART3.VirtualMode-Asynchronous=VM_ASYNC
VP_MEMORYMAP_VS_MEMORYMAP.Mode=CurAppReg
VP_MEMORYMAP_VS_MEMORYMAP.Signal=MEMORYMAP_VS_MEMORYMAP
VP_SAI1_VP_$IpInstance_SAIA_SAI_BASIC.Mode=SAI_A_BASIC
VP_SAI1_VP_$IpInstance_SAIA_SAI_BASIC.Signal=SAI1_VP_$IpInstance_SAIA_SAI_BASIC
VP_SAI1_VP_$IpInstance_SAIB_SAI_BASIC.Mode=SAI_B_BASIC
VP_SAI1_VP_$IpInstance_SAIB_SAI_BASIC.Signal=SAI1_VP_$IpInstance_SAIB_SAI_BASIC
VP_SYS_VS_Systick.Mode=SysTick
VP_SYS_VS_Systick.Signal=SYS_VS_Systick
board=custom
isbadioc=false
